// !$*UTF8*$!
{
	archiveVersion = 1;
	classes = {
	};
	objectVersion = 55;
	objects = {

/* Begin PBXBuildFile section */
		8617D9202826ACA400DF95FD /* AppDelegate.swift in Sources */ = {isa = PBXBuildFile; fileRef = 8617D91F2826ACA400DF95FD /* AppDelegate.swift */; };
		8617D9222826ACA400DF95FD /* SceneDelegate.swift in Sources */ = {isa = PBXBuildFile; fileRef = 8617D9212826ACA400DF95FD /* SceneDelegate.swift */; };
		8617D9242826ACA400DF95FD /* ViewController.swift in Sources */ = {isa = PBXBuildFile; fileRef = 8617D9232826ACA400DF95FD /* ViewController.swift */; };
		8617D9272826ACA400DF95FD /* Main.storyboard in Resources */ = {isa = PBXBuildFile; fileRef = 8617D9252826ACA400DF95FD /* Main.storyboard */; };
		8617D9292826ACA800DF95FD /* Assets.xcassets in Resources */ = {isa = PBXBuildFile; fileRef = 8617D9282826ACA800DF95FD /* Assets.xcassets */; };
		8617D92C2826ACA800DF95FD /* LaunchScreen.storyboard in Resources */ = {isa = PBXBuildFile; fileRef = 8617D92A2826ACA800DF95FD /* LaunchScreen.storyboard */; };
		8617D93A2826AFD400DF95FD /* Spotify+String.swift in Sources */ = {isa = PBXBuildFile; fileRef = 8617D9392826AFD400DF95FD /* Spotify+String.swift */; };
		8617D93C2826AFE000DF95FD /* Spotify+Image.swift in Sources */ = {isa = PBXBuildFile; fileRef = 8617D93B2826AFE000DF95FD /* Spotify+Image.swift */; };
		8617D93E2826B50800DF95FD /* Home.storyboard in Resources */ = {isa = PBXBuildFile; fileRef = 8617D93D2826B50800DF95FD /* Home.storyboard */; };
		8617D9402826BAEC00DF95FD /* PlayList.swift in Sources */ = {isa = PBXBuildFile; fileRef = 8617D93F2826BAEC00DF95FD /* PlayList.swift */; };
		8617D9422826BB4200DF95FD /* Request.swift in Sources */ = {isa = PBXBuildFile; fileRef = 8617D9412826BB4200DF95FD /* Request.swift */; };
		8617D9442826BCDB00DF95FD /* PlatListViewModel.swift in Sources */ = {isa = PBXBuildFile; fileRef = 8617D9432826BCDB00DF95FD /* PlatListViewModel.swift */; };
		8617D9462826BDDD00DF95FD /* LibraryViewController.swift in Sources */ = {isa = PBXBuildFile; fileRef = 8617D9452826BDDD00DF95FD /* LibraryViewController.swift */; };
		861D70212836FBD8003B0BC7 /* ItemPlaylistDetailTableViewCell.swift in Sources */ = {isa = PBXBuildFile; fileRef = 861D70202836FBD8003B0BC7 /* ItemPlaylistDetailTableViewCell.swift */; };
		861D70242836FDAE003B0BC7 /* SDWebImage in Frameworks */ = {isa = PBXBuildFile; productRef = 861D70232836FDAE003B0BC7 /* SDWebImage */; };
		861D70262836FDAE003B0BC7 /* SDWebImageMapKit in Frameworks */ = {isa = PBXBuildFile; productRef = 861D70252836FDAE003B0BC7 /* SDWebImageMapKit */; };
		86C790652836E92500DA691B /* PlayListDetail.swift in Sources */ = {isa = PBXBuildFile; fileRef = 86C790642836E92500DA691B /* PlayListDetail.swift */; };
		86C790672836EAC400DA691B /* PlatlistDetailViewModel.swift in Sources */ = {isa = PBXBuildFile; fileRef = 86C790662836EAC400DA691B /* PlatlistDetailViewModel.swift */; };
		86C790692836ECA900DA691B /* PlaylistDetail.storyboard in Resources */ = {isa = PBXBuildFile; fileRef = 86C790682836ECA900DA691B /* PlaylistDetail.storyboard */; };
		86C7906B2836ED0700DA691B /* GradientView.swift in Sources */ = {isa = PBXBuildFile; fileRef = 86C7906A2836ED0700DA691B /* GradientView.swift */; };
		86C7906D2836F23300DA691B /* PlaylistDetailViewController.swift in Sources */ = {isa = PBXBuildFile; fileRef = 86C7906C2836F23300DA691B /* PlaylistDetailViewController.swift */; };
/* End PBXBuildFile section */

/* Begin PBXFileReference section */
		8617D91C2826ACA400DF95FD /* SpotifyCloneB.app */ = {isa = PBXFileReference; explicitFileType = wrapper.application; includeInIndex = 0; path = SpotifyCloneB.app; sourceTree = BUILT_PRODUCTS_DIR; };
		8617D91F2826ACA400DF95FD /* AppDelegate.swift */ = {isa = PBXFileReference; lastKnownFileType = sourcecode.swift; path = AppDelegate.swift; sourceTree = "<group>"; };
		8617D9212826ACA400DF95FD /* SceneDelegate.swift */ = {isa = PBXFileReference; lastKnownFileType = sourcecode.swift; path = SceneDelegate.swift; sourceTree = "<group>"; };
		8617D9232826ACA400DF95FD /* ViewController.swift */ = {isa = PBXFileReference; lastKnownFileType = sourcecode.swift; path = ViewController.swift; sourceTree = "<group>"; };
		8617D9262826ACA400DF95FD /* Base */ = {isa = PBXFileReference; lastKnownFileType = file.storyboard; name = Base; path = Base.lproj/Main.storyboard; sourceTree = "<group>"; };
		8617D9282826ACA800DF95FD /* Assets.xcassets */ = {isa = PBXFileReference; lastKnownFileType = folder.assetcatalog; path = Assets.xcassets; sourceTree = "<group>"; };
		8617D92B2826ACA800DF95FD /* Base */ = {isa = PBXFileReference; lastKnownFileType = file.storyboard; name = Base; path = Base.lproj/LaunchScreen.storyboard; sourceTree = "<group>"; };
		8617D92D2826ACA800DF95FD /* Info.plist */ = {isa = PBXFileReference; lastKnownFileType = text.plist.xml; path = Info.plist; sourceTree = "<group>"; };
		8617D9392826AFD400DF95FD /* Spotify+String.swift */ = {isa = PBXFileReference; lastKnownFileType = sourcecode.swift; path = "Spotify+String.swift"; sourceTree = "<group>"; };
		8617D93B2826AFE000DF95FD /* Spotify+Image.swift */ = {isa = PBXFileReference; lastKnownFileType = sourcecode.swift; path = "Spotify+Image.swift"; sourceTree = "<group>"; };
		8617D93D2826B50800DF95FD /* Home.storyboard */ = {isa = PBXFileReference; lastKnownFileType = file.storyboard; path = Home.storyboard; sourceTree = "<group>"; };
		8617D93F2826BAEC00DF95FD /* PlayList.swift */ = {isa = PBXFileReference; lastKnownFileType = sourcecode.swift; path = PlayList.swift; sourceTree = "<group>"; };
		8617D9412826BB4200DF95FD /* Request.swift */ = {isa = PBXFileReference; lastKnownFileType = sourcecode.swift; path = Request.swift; sourceTree = "<group>"; };
		8617D9432826BCDB00DF95FD /* PlatListViewModel.swift */ = {isa = PBXFileReference; lastKnownFileType = sourcecode.swift; path = PlatListViewModel.swift; sourceTree = "<group>"; };
		8617D9452826BDDD00DF95FD /* LibraryViewController.swift */ = {isa = PBXFileReference; lastKnownFileType = sourcecode.swift; path = LibraryViewController.swift; sourceTree = "<group>"; };
		861D70202836FBD8003B0BC7 /* ItemPlaylistDetailTableViewCell.swift */ = {isa = PBXFileReference; lastKnownFileType = sourcecode.swift; path = ItemPlaylistDetailTableViewCell.swift; sourceTree = "<group>"; };
		86C790642836E92500DA691B /* PlayListDetail.swift */ = {isa = PBXFileReference; lastKnownFileType = sourcecode.swift; path = PlayListDetail.swift; sourceTree = "<group>"; };
		86C790662836EAC400DA691B /* PlatlistDetailViewModel.swift */ = {isa = PBXFileReference; lastKnownFileType = sourcecode.swift; path = PlatlistDetailViewModel.swift; sourceTree = "<group>"; };
		86C790682836ECA900DA691B /* PlaylistDetail.storyboard */ = {isa = PBXFileReference; lastKnownFileType = file.storyboard; path = PlaylistDetail.storyboard; sourceTree = "<group>"; };
		86C7906A2836ED0700DA691B /* GradientView.swift */ = {isa = PBXFileReference; lastKnownFileType = sourcecode.swift; path = GradientView.swift; sourceTree = "<group>"; };
		86C7906C2836F23300DA691B /* PlaylistDetailViewController.swift */ = {isa = PBXFileReference; lastKnownFileType = sourcecode.swift; path = PlaylistDetailViewController.swift; sourceTree = "<group>"; };
/* End PBXFileReference section */

/* Begin PBXFrameworksBuildPhase section */
		8617D9192826ACA400DF95FD /* Frameworks */ = {
			isa = PBXFrameworksBuildPhase;
			buildActionMask = 2147483647;
			files = (
				861D70262836FDAE003B0BC7 /* SDWebImageMapKit in Frameworks */,
				861D70242836FDAE003B0BC7 /* SDWebImage in Frameworks */,
			);
			runOnlyForDeploymentPostprocessing = 0;
		};
/* End PBXFrameworksBuildPhase section */

/* Begin PBXGroup section */
		8617D9132826ACA300DF95FD = {
			isa = PBXGroup;
			children = (
				8617D91E2826ACA400DF95FD /* SpotifyCloneB */,
				8617D91D2826ACA400DF95FD /* Products */,
			);
			sourceTree = "<group>";
		};
		8617D91D2826ACA400DF95FD /* Products */ = {
			isa = PBXGroup;
			children = (
				8617D91C2826ACA400DF95FD /* SpotifyCloneB.app */,
			);
			name = Products;
			sourceTree = "<group>";
		};
		8617D91E2826ACA400DF95FD /* SpotifyCloneB */ = {
			isa = PBXGroup;
			children = (
				86C7906E2836FB2000DA691B /* ViewCell */,
				8617D9382826AFA100DF95FD /* Onboarding */,
				8617D9372826AF7C00DF95FD /* Screens */,
				8617D9362826AF6F00DF95FD /* Helper */,
				8617D9352826AF0B00DF95FD /* ViewModel */,
				8617D9342826AF0100DF95FD /* View */,
				8617D9332826AEFA00DF95FD /* Model */,
				8617D91F2826ACA400DF95FD /* AppDelegate.swift */,
				8617D9212826ACA400DF95FD /* SceneDelegate.swift */,
				8617D9282826ACA800DF95FD /* Assets.xcassets */,
				8617D92D2826ACA800DF95FD /* Info.plist */,
			);
			path = SpotifyCloneB;
			sourceTree = "<group>";
		};
		8617D9332826AEFA00DF95FD /* Model */ = {
			isa = PBXGroup;
			children = (
				8617D93F2826BAEC00DF95FD /* PlayList.swift */,
				86C790642836E92500DA691B /* PlayListDetail.swift */,
			);
			path = Model;
			sourceTree = "<group>";
		};
		8617D9342826AF0100DF95FD /* View */ = {
			isa = PBXGroup;
			children = (
				8617D9232826ACA400DF95FD /* ViewController.swift */,
				8617D9452826BDDD00DF95FD /* LibraryViewController.swift */,
				86C7906C2836F23300DA691B /* PlaylistDetailViewController.swift */,
			);
			path = View;
			sourceTree = "<group>";
		};
		8617D9352826AF0B00DF95FD /* ViewModel */ = {
			isa = PBXGroup;
			children = (
				8617D9412826BB4200DF95FD /* Request.swift */,
				8617D9432826BCDB00DF95FD /* PlatListViewModel.swift */,
				86C790662836EAC400DA691B /* PlatlistDetailViewModel.swift */,
			);
			path = ViewModel;
			sourceTree = "<group>";
		};
		8617D9362826AF6F00DF95FD /* Helper */ = {
			isa = PBXGroup;
			children = (
				8617D9392826AFD400DF95FD /* Spotify+String.swift */,
				8617D93B2826AFE000DF95FD /* Spotify+Image.swift */,
				86C7906A2836ED0700DA691B /* GradientView.swift */,
			);
			path = Helper;
			sourceTree = "<group>";
		};
		8617D9372826AF7C00DF95FD /* Screens */ = {
			isa = PBXGroup;
			children = (
				8617D9252826ACA400DF95FD /* Main.storyboard */,
				8617D93D2826B50800DF95FD /* Home.storyboard */,
				86C790682836ECA900DA691B /* PlaylistDetail.storyboard */,
			);
			path = Screens;
			sourceTree = "<group>";
		};
		8617D9382826AFA100DF95FD /* Onboarding */ = {
			isa = PBXGroup;
			children = (
				8617D92A2826ACA800DF95FD /* LaunchScreen.storyboard */,
			);
			path = Onboarding;
			sourceTree = "<group>";
		};
		86C7906E2836FB2000DA691B /* ViewCell */ = {
			isa = PBXGroup;
			children = (
				861D70202836FBD8003B0BC7 /* ItemPlaylistDetailTableViewCell.swift */,
			);
			path = ViewCell;
			sourceTree = "<group>";
		};
/* End PBXGroup section */

/* Begin PBXNativeTarget section */
		8617D91B2826ACA400DF95FD /* SpotifyCloneB */ = {
			isa = PBXNativeTarget;
			buildConfigurationList = 8617D9302826ACA800DF95FD /* Build configuration list for PBXNativeTarget "SpotifyCloneB" */;
			buildPhases = (
				8617D9182826ACA400DF95FD /* Sources */,
				8617D9192826ACA400DF95FD /* Frameworks */,
				8617D91A2826ACA400DF95FD /* Resources */,
			);
			buildRules = (
			);
			dependencies = (
			);
			name = SpotifyCloneB;
			packageProductDependencies = (
				861D70232836FDAE003B0BC7 /* SDWebImage */,
				861D70252836FDAE003B0BC7 /* SDWebImageMapKit */,
			);
			productName = SpotifyCloneB;
			productReference = 8617D91C2826ACA400DF95FD /* SpotifyCloneB.app */;
			productType = "com.apple.product-type.application";
		};
/* End PBXNativeTarget section */

/* Begin PBXProject section */
		8617D9142826ACA400DF95FD /* Project object */ = {
			isa = PBXProject;
			attributes = {
				BuildIndependentTargetsInParallel = 1;
				LastSwiftUpdateCheck = 1330;
				LastUpgradeCheck = 1330;
				TargetAttributes = {
					8617D91B2826ACA400DF95FD = {
						CreatedOnToolsVersion = 13.3;
					};
				};
			};
			buildConfigurationList = 8617D9172826ACA400DF95FD /* Build configuration list for PBXProject "SpotifyCloneB" */;
			compatibilityVersion = "Xcode 13.0";
			developmentRegion = en;
			hasScannedForEncodings = 0;
			knownRegions = (
				en,
				Base,
			);
			mainGroup = 8617D9132826ACA300DF95FD;
			packageReferences = (
				861D70222836FDAE003B0BC7 /* XCRemoteSwiftPackageReference "SDWebImage" */,
			);
			productRefGroup = 8617D91D2826ACA400DF95FD /* Products */;
			projectDirPath = "";
			projectRoot = "";
			targets = (
				8617D91B2826ACA400DF95FD /* SpotifyCloneB */,
			);
		};
/* End PBXProject section */

/* Begin PBXResourcesBuildPhase section */
		8617D91A2826ACA400DF95FD /* Resources */ = {
			isa = PBXResourcesBuildPhase;
			buildActionMask = 2147483647;
			files = (
				8617D92C2826ACA800DF95FD /* LaunchScreen.storyboard in Resources */,
				8617D9292826ACA800DF95FD /* Assets.xcassets in Resources */,
				86C790692836ECA900DA691B /* PlaylistDetail.storyboard in Resources */,
				8617D9272826ACA400DF95FD /* Main.storyboard in Resources */,
				8617D93E2826B50800DF95FD /* Home.storyboard in Resources */,
			);
			runOnlyForDeploymentPostprocessing = 0;
		};
/* End PBXResourcesBuildPhase section */

/* Begin PBXSourcesBuildPhase section */
		8617D9182826ACA400DF95FD /* Sources */ = {
			isa = PBXSourcesBuildPhase;
			buildActionMask = 2147483647;
			files = (
				8617D9242826ACA400DF95FD /* ViewController.swift in Sources */,
				8617D93C2826AFE000DF95FD /* Spotify+Image.swift in Sources */,
				86C7906B2836ED0700DA691B /* GradientView.swift in Sources */,
				8617D9202826ACA400DF95FD /* AppDelegate.swift in Sources */,
				8617D9442826BCDB00DF95FD /* PlatListViewModel.swift in Sources */,
				861D70212836FBD8003B0BC7 /* ItemPlaylistDetailTableViewCell.swift in Sources */,
				8617D9402826BAEC00DF95FD /* PlayList.swift in Sources */,
				86C790672836EAC400DA691B /* PlatlistDetailViewModel.swift in Sources */,
				8617D9422826BB4200DF95FD /* Request.swift in Sources */,
				8617D9222826ACA400DF95FD /* SceneDelegate.swift in Sources */,
				8617D9462826BDDD00DF95FD /* LibraryViewController.swift in Sources */,
				86C790652836E92500DA691B /* PlayListDetail.swift in Sources */,
				8617D93A2826AFD400DF95FD /* Spotify+String.swift in Sources */,
				86C7906D2836F23300DA691B /* PlaylistDetailViewController.swift in Sources */,
			);
			runOnlyForDeploymentPostprocessing = 0;
		};
/* End PBXSourcesBuildPhase section */

/* Begin PBXVariantGroup section */
		8617D9252826ACA400DF95FD /* Main.storyboard */ = {
			isa = PBXVariantGroup;
			children = (
				8617D9262826ACA400DF95FD /* Base */,
			);
			name = Main.storyboard;
			sourceTree = "<group>";
		};
		8617D92A2826ACA800DF95FD /* LaunchScreen.storyboard */ = {
			isa = PBXVariantGroup;
			children = (
				8617D92B2826ACA800DF95FD /* Base */,
			);
			name = LaunchScreen.storyboard;
			sourceTree = "<group>";
		};
/* End PBXVariantGroup section */

/* Begin XCBuildConfiguration section */
		8617D92E2826ACA800DF95FD /* Debug */ = {
			isa = XCBuildConfiguration;
			buildSettings = {
				ALWAYS_SEARCH_USER_PATHS = NO;
				CLANG_ANALYZER_NONNULL = YES;
				CLANG_ANALYZER_NUMBER_OBJECT_CONVERSION = YES_AGGRESSIVE;
				CLANG_CXX_LANGUAGE_STANDARD = "gnu++17";
				CLANG_ENABLE_MODULES = YES;
				CLANG_ENABLE_OBJC_ARC = YES;
				CLANG_ENABLE_OBJC_WEAK = YES;
				CLANG_WARN_BLOCK_CAPTURE_AUTORELEASING = YES;
				CLANG_WARN_BOOL_CONVERSION = YES;
				CLANG_WARN_COMMA = YES;
				CLANG_WARN_CONSTANT_CONVERSION = YES;
				CLANG_WARN_DEPRECATED_OBJC_IMPLEMENTATIONS = YES;
				CLANG_WARN_DIRECT_OBJC_ISA_USAGE = YES_ERROR;
				CLANG_WARN_DOCUMENTATION_COMMENTS = YES;
				CLANG_WARN_EMPTY_BODY = YES;
				CLANG_WARN_ENUM_CONVERSION = YES;
				CLANG_WARN_INFINITE_RECURSION = YES;
				CLANG_WARN_INT_CONVERSION = YES;
				CLANG_WARN_NON_LITERAL_NULL_CONVERSION = YES;
				CLANG_WARN_OBJC_IMPLICIT_RETAIN_SELF = YES;
				CLANG_WARN_OBJC_LITERAL_CONVERSION = YES;
				CLANG_WARN_OBJC_ROOT_CLASS = YES_ERROR;
				CLANG_WARN_QUOTED_INCLUDE_IN_FRAMEWORK_HEADER = YES;
				CLANG_WARN_RANGE_LOOP_ANALYSIS = YES;
				CLANG_WARN_STRICT_PROTOTYPES = YES;
				CLANG_WARN_SUSPICIOUS_MOVE = YES;
				CLANG_WARN_UNGUARDED_AVAILABILITY = YES_AGGRESSIVE;
				CLANG_WARN_UNREACHABLE_CODE = YES;
				CLANG_WARN__DUPLICATE_METHOD_MATCH = YES;
				COPY_PHASE_STRIP = NO;
				DEBUG_INFORMATION_FORMAT = dwarf;
				ENABLE_STRICT_OBJC_MSGSEND = YES;
				ENABLE_TESTABILITY = YES;
				GCC_C_LANGUAGE_STANDARD = gnu11;
				GCC_DYNAMIC_NO_PIC = NO;
				GCC_NO_COMMON_BLOCKS = YES;
				GCC_OPTIMIZATION_LEVEL = 0;
				GCC_PREPROCESSOR_DEFINITIONS = (
					"DEBUG=1",
					"$(inherited)",
				);
				GCC_WARN_64_TO_32_BIT_CONVERSION = YES;
				GCC_WARN_ABOUT_RETURN_TYPE = YES_ERROR;
				GCC_WARN_UNDECLARED_SELECTOR = YES;
				GCC_WARN_UNINITIALIZED_AUTOS = YES_AGGRESSIVE;
				GCC_WARN_UNUSED_FUNCTION = YES;
				GCC_WARN_UNUSED_VARIABLE = YES;
				IPHONEOS_DEPLOYMENT_TARGET = 15.4;
				MTL_ENABLE_DEBUG_INFO = INCLUDE_SOURCE;
				MTL_FAST_MATH = YES;
				ONLY_ACTIVE_ARCH = YES;
				SDKROOT = iphoneos;
				SWIFT_ACTIVE_COMPILATION_CONDITIONS = DEBUG;
				SWIFT_OPTIMIZATION_LEVEL = "-Onone";
			};
			name = Debug;
		};
		8617D92F2826ACA800DF95FD /* Release */ = {
			isa = XCBuildConfiguration;
			buildSettings = {
				ALWAYS_SEARCH_USER_PATHS = NO;
				CLANG_ANALYZER_NONNULL = YES;
				CLANG_ANALYZER_NUMBER_OBJECT_CONVERSION = YES_AGGRESSIVE;
				CLANG_CXX_LANGUAGE_STANDARD = "gnu++17";
				CLANG_ENABLE_MODULES = YES;
				CLANG_ENABLE_OBJC_ARC = YES;
				CLANG_ENABLE_OBJC_WEAK = YES;
				CLANG_WARN_BLOCK_CAPTURE_AUTORELEASING = YES;
				CLANG_WARN_BOOL_CONVERSION = YES;
				CLANG_WARN_COMMA = YES;
				CLANG_WARN_CONSTANT_CONVERSION = YES;
				CLANG_WARN_DEPRECATED_OBJC_IMPLEMENTATIONS = YES;
				CLANG_WARN_DIRECT_OBJC_ISA_USAGE = YES_ERROR;
				CLANG_WARN_DOCUMENTATION_COMMENTS = YES;
				CLANG_WARN_EMPTY_BODY = YES;
				CLANG_WARN_ENUM_CONVERSION = YES;
				CLANG_WARN_INFINITE_RECURSION = YES;
				CLANG_WARN_INT_CONVERSION = YES;
				CLANG_WARN_NON_LITERAL_NULL_CONVERSION = YES;
				CLANG_WARN_OBJC_IMPLICIT_RETAIN_SELF = YES;
				CLANG_WARN_OBJC_LITERAL_CONVERSION = YES;
				CLANG_WARN_OBJC_ROOT_CLASS = YES_ERROR;
				CLANG_WARN_QUOTED_INCLUDE_IN_FRAMEWORK_HEADER = YES;
				CLANG_WARN_RANGE_LOOP_ANALYSIS = YES;
				CLANG_WARN_STRICT_PROTOTYPES = YES;
				CLANG_WARN_SUSPICIOUS_MOVE = YES;
				CLANG_WARN_UNGUARDED_AVAILABILITY = YES_AGGRESSIVE;
				CLANG_WARN_UNREACHABLE_CODE = YES;
				CLANG_WARN__DUPLICATE_METHOD_MATCH = YES;
				COPY_PHASE_STRIP = NO;
				DEBUG_INFORMATION_FORMAT = "dwarf-with-dsym";
				ENABLE_NS_ASSERTIONS = NO;
				ENABLE_STRICT_OBJC_MSGSEND = YES;
				GCC_C_LANGUAGE_STANDARD = gnu11;
				GCC_NO_COMMON_BLOCKS = YES;
				GCC_WARN_64_TO_32_BIT_CONVERSION = YES;
				GCC_WARN_ABOUT_RETURN_TYPE = YES_ERROR;
				GCC_WARN_UNDECLARED_SELECTOR = YES;
				GCC_WARN_UNINITIALIZED_AUTOS = YES_AGGRESSIVE;
				GCC_WARN_UNUSED_FUNCTION = YES;
				GCC_WARN_UNUSED_VARIABLE = YES;
				IPHONEOS_DEPLOYMENT_TARGET = 15.4;
				MTL_ENABLE_DEBUG_INFO = NO;
				MTL_FAST_MATH = YES;
				SDKROOT = iphoneos;
				SWIFT_COMPILATION_MODE = wholemodule;
				SWIFT_OPTIMIZATION_LEVEL = "-O";
				VALIDATE_PRODUCT = YES;
			};
			name = Release;
		};
		8617D9312826ACA800DF95FD /* Debug */ = {
			isa = XCBuildConfiguration;
			buildSettings = {
				ASSETCATALOG_COMPILER_APPICON_NAME = AppIcon;
				ASSETCATALOG_COMPILER_GLOBAL_ACCENT_COLOR_NAME = AccentColor;
				CODE_SIGN_STYLE = Automatic;
				CURRENT_PROJECT_VERSION = 1;
				DEVELOPMENT_TEAM = DLG2TN82XY;
				GENERATE_INFOPLIST_FILE = YES;
				INFOPLIST_FILE = SpotifyCloneB/Info.plist;
				INFOPLIST_KEY_UIApplicationSupportsIndirectInputEvents = YES;
				INFOPLIST_KEY_UILaunchStoryboardName = LaunchScreen;
				INFOPLIST_KEY_UIMainStoryboardFile = Main;
				INFOPLIST_KEY_UISupportedInterfaceOrientations_iPad = "UIInterfaceOrientationPortrait UIInterfaceOrientationPortraitUpsideDown UIInterfaceOrientationLandscapeLeft UIInterfaceOrientationLandscapeRight";
				INFOPLIST_KEY_UISupportedInterfaceOrientations_iPhone = "UIInterfaceOrientationPortrait UIInterfaceOrientationLandscapeLeft UIInterfaceOrientationLandscapeRight";
				LD_RUNPATH_SEARCH_PATHS = (
					"$(inherited)",
					"@executable_path/Frameworks",
				);
				MARKETING_VERSION = 1.0;
				PRODUCT_BUNDLE_IDENTIFIER = com.tecsup.SpotifyCloneB;
				PRODUCT_NAME = "$(TARGET_NAME)";
				SWIFT_EMIT_LOC_STRINGS = YES;
				SWIFT_VERSION = 5.0;
				TARGETED_DEVICE_FAMILY = "1,2";
			};
			name = Debug;
		};
		8617D9322826ACA800DF95FD /* Release */ = {
			isa = XCBuildConfiguration;
			buildSettings = {
				ASSETCATALOG_COMPILER_APPICON_NAME = AppIcon;
				ASSETCATALOG_COMPILER_GLOBAL_ACCENT_COLOR_NAME = AccentColor;
				CODE_SIGN_STYLE = Automatic;
				CURRENT_PROJECT_VERSION = 1;
				DEVELOPMENT_TEAM = DLG2TN82XY;
				GENERATE_INFOPLIST_FILE = YES;
				INFOPLIST_FILE = SpotifyCloneB/Info.plist;
				INFOPLIST_KEY_UIApplicationSupportsIndirectInputEvents = YES;
				INFOPLIST_KEY_UILaunchStoryboardName = LaunchScreen;
				INFOPLIST_KEY_UIMainStoryboardFile = Main;
				INFOPLIST_KEY_UISupportedInterfaceOrientations_iPad = "UIInterfaceOrientationPortrait UIInterfaceOrientationPortraitUpsideDown UIInterfaceOrientationLandscapeLeft UIInterfaceOrientationLandscapeRight";
				INFOPLIST_KEY_UISupportedInterfaceOrientations_iPhone = "UIInterfaceOrientationPortrait UIInterfaceOrientationLandscapeLeft UIInterfaceOrientationLandscapeRight";
				LD_RUNPATH_SEARCH_PATHS = (
					"$(inherited)",
					"@executable_path/Frameworks",
				);
				MARKETING_VERSION = 1.0;
				PRODUCT_BUNDLE_IDENTIFIER = com.tecsup.SpotifyCloneB;
				PRODUCT_NAME = "$(TARGET_NAME)";
				SWIFT_EMIT_LOC_STRINGS = YES;
				SWIFT_VERSION = 5.0;
				TARGETED_DEVICE_FAMILY = "1,2";
			};
			name = Release;
		};
/* End XCBuildConfiguration section */

/* Begin XCConfigurationList section */
		8617D9172826ACA400DF95FD /* Build configuration list for PBXProject "SpotifyCloneB" */ = {
			isa = XCConfigurationList;
			buildConfigurations = (
				8617D92E2826ACA800DF95FD /* Debug */,
				8617D92F2826ACA800DF95FD /* Release */,
			);
			defaultConfigurationIsVisible = 0;
			defaultConfigurationName = Release;
		};
		8617D9302826ACA800DF95FD /* Build configuration list for PBXNativeTarget "SpotifyCloneB" */ = {
			isa = XCConfigurationList;
			buildConfigurations = (
				8617D9312826ACA800DF95FD /* Debug */,
				8617D9322826ACA800DF95FD /* Release */,
			);
			defaultConfigurationIsVisible = 0;
			defaultConfigurationName = Release;
		};
/* End XCConfigurationList section */

/* Begin XCRemoteSwiftPackageReference section */
		861D70222836FDAE003B0BC7 /* XCRemoteSwiftPackageReference "SDWebImage" */ = {
			isa = XCRemoteSwiftPackageReference;
			repositoryURL = "https://github.com/SDWebImage/SDWebImage";
			requirement = {
				branch = master;
				kind = branch;
			};
		};
/* End XCRemoteSwiftPackageReference section */

/* Begin XCSwiftPackageProductDependency section */
		861D70232836FDAE003B0BC7 /* SDWebImage */ = {
			isa = XCSwiftPackageProductDependency;
			package = 861D70222836FDAE003B0BC7 /* XCRemoteSwiftPackageReference "SDWebImage" */;
			productName = SDWebImage;
		};
		861D70252836FDAE003B0BC7 /* SDWebImageMapKit */ = {
			isa = XCSwiftPackageProductDependency;
			package = 861D70222836FDAE003B0BC7 /* XCRemoteSwiftPackageReference "SDWebImage" */;
			productName = SDWebImageMapKit;
		};
/* End XCSwiftPackageProductDependency section */
	};
	rootObject = 8617D9142826ACA400DF95FD /* Project object */;
}
